// !$*UTF8*$!
{
	archiveVersion = 1;
	classes = {
	};
	objectVersion = 50;
	objects = {

/* Begin PBXBuildFile section */
		5A032D8D22F0C285000F5D27 /* SwiftyJSON.swift in Sources */ = {isa = PBXBuildFile; fileRef = 5A032D8C22F0C285000F5D27 /* SwiftyJSON.swift */; };
		6399333B22EB708600C9EE60 /* AppDelegate.swift in Sources */ = {isa = PBXBuildFile; fileRef = 6399333A22EB708600C9EE60 /* AppDelegate.swift */; };
		6399333D22EB708600C9EE60 /* ViewController.swift in Sources */ = {isa = PBXBuildFile; fileRef = 6399333C22EB708600C9EE60 /* ViewController.swift */; };
		6399334022EB708600C9EE60 /* Main.storyboard in Resources */ = {isa = PBXBuildFile; fileRef = 6399333E22EB708600C9EE60 /* Main.storyboard */; };
		6399334222EB708800C9EE60 /* Assets.xcassets in Resources */ = {isa = PBXBuildFile; fileRef = 6399334122EB708800C9EE60 /* Assets.xcassets */; };
		6399334522EB708800C9EE60 /* LaunchScreen.storyboard in Resources */ = {isa = PBXBuildFile; fileRef = 6399334322EB708800C9EE60 /* LaunchScreen.storyboard */; };
		6399334D22EB784100C9EE60 /* WeatherModel.swift in Sources */ = {isa = PBXBuildFile; fileRef = 6399334C22EB784100C9EE60 /* WeatherModel.swift */; };
		6399334F22EB80FC00C9EE60 /* WeatherViewController.swift in Sources */ = {isa = PBXBuildFile; fileRef = 6399334E22EB80FC00C9EE60 /* WeatherViewController.swift */; };
/* End PBXBuildFile section */

/* Begin PBXFileReference section */
		5A032D8B22F0C25B000F5D27 /* SwiftyJSON.h */ = {isa = PBXFileReference; lastKnownFileType = sourcecode.c.h; path = SwiftyJSON.h; sourceTree = "<group>"; };
		5A032D8C22F0C285000F5D27 /* SwiftyJSON.swift */ = {isa = PBXFileReference; fileEncoding = 4; lastKnownFileType = sourcecode.swift; path = SwiftyJSON.swift; sourceTree = "<group>"; };
		6399333722EB708600C9EE60 /* InAccuWeatherApp.app */ = {isa = PBXFileReference; explicitFileType = wrapper.application; includeInIndex = 0; path = InAccuWeatherApp.app; sourceTree = BUILT_PRODUCTS_DIR; };
		6399333A22EB708600C9EE60 /* AppDelegate.swift */ = {isa = PBXFileReference; lastKnownFileType = sourcecode.swift; path = AppDelegate.swift; sourceTree = "<group>"; };
		6399333C22EB708600C9EE60 /* ViewController.swift */ = {isa = PBXFileReference; lastKnownFileType = sourcecode.swift; path = ViewController.swift; sourceTree = "<group>"; };
		6399333F22EB708600C9EE60 /* Base */ = {isa = PBXFileReference; lastKnownFileType = file.storyboard; name = Base; path = Base.lproj/Main.storyboard; sourceTree = "<group>"; };
		6399334122EB708800C9EE60 /* Assets.xcassets */ = {isa = PBXFileReference; lastKnownFileType = folder.assetcatalog; path = Assets.xcassets; sourceTree = "<group>"; };
		6399334422EB708800C9EE60 /* Base */ = {isa = PBXFileReference; lastKnownFileType = file.storyboard; name = Base; path = Base.lproj/LaunchScreen.storyboard; sourceTree = "<group>"; };
		6399334622EB708800C9EE60 /* Info.plist */ = {isa = PBXFileReference; lastKnownFileType = text.plist.xml; path = Info.plist; sourceTree = "<group>"; };
		6399334C22EB784100C9EE60 /* WeatherModel.swift */ = {isa = PBXFileReference; lastKnownFileType = sourcecode.swift; path = WeatherModel.swift; sourceTree = "<group>"; };
		6399334E22EB80FC00C9EE60 /* WeatherViewController.swift */ = {isa = PBXFileReference; lastKnownFileType = sourcecode.swift; path = WeatherViewController.swift; sourceTree = "<group>"; };
/* End PBXFileReference section */

/* Begin PBXFrameworksBuildPhase section */
		6399333422EB708600C9EE60 /* Frameworks */ = {
			isa = PBXFrameworksBuildPhase;
			buildActionMask = 2147483647;
			files = (
			);
			runOnlyForDeploymentPostprocessing = 0;
		};
/* End PBXFrameworksBuildPhase section */

/* Begin PBXGroup section */
		6399332E22EB708600C9EE60 = {
			isa = PBXGroup;
			children = (
				6399333922EB708600C9EE60 /* InAccuWeatherApp */,
				6399333822EB708600C9EE60 /* Products */,
			);
			sourceTree = "<group>";
		};
		6399333822EB708600C9EE60 /* Products */ = {
			isa = PBXGroup;
			children = (
				6399333722EB708600C9EE60 /* InAccuWeatherApp.app */,
			);
			name = Products;
			sourceTree = "<group>";
		};
		6399333922EB708600C9EE60 /* InAccuWeatherApp */ = {
			isa = PBXGroup;
			children = (
				6399333A22EB708600C9EE60 /* AppDelegate.swift */,
				6399333C22EB708600C9EE60 /* ViewController.swift */,
				6399334E22EB80FC00C9EE60 /* WeatherViewController.swift */,
				6399334C22EB784100C9EE60 /* WeatherModel.swift */,
				6399333E22EB708600C9EE60 /* Main.storyboard */,
				6399334122EB708800C9EE60 /* Assets.xcassets */,
				5A032D8B22F0C25B000F5D27 /* SwiftyJSON.h */,
				5A032D8C22F0C285000F5D27 /* SwiftyJSON.swift */,
				6399334322EB708800C9EE60 /* LaunchScreen.storyboard */,
				6399334622EB708800C9EE60 /* Info.plist */,
			);
			path = InAccuWeatherApp;
			sourceTree = "<group>";
		};
/* End PBXGroup section */

/* Begin PBXNativeTarget section */
		6399333622EB708600C9EE60 /* InAccuWeatherApp */ = {
			isa = PBXNativeTarget;
			buildConfigurationList = 6399334922EB708800C9EE60 /* Build configuration list for PBXNativeTarget "InAccuWeatherApp" */;
			buildPhases = (
				6399333322EB708600C9EE60 /* Sources */,
				6399333422EB708600C9EE60 /* Frameworks */,
				6399333522EB708600C9EE60 /* Resources */,
			);
			buildRules = (
			);
			dependencies = (
			);
			name = InAccuWeatherApp;
			productName = InAccuWeatherApp;
			productReference = 6399333722EB708600C9EE60 /* InAccuWeatherApp.app */;
			productType = "com.apple.product-type.application";
		};
/* End PBXNativeTarget section */

/* Begin PBXProject section */
		6399332F22EB708600C9EE60 /* Project object */ = {
			isa = PBXProject;
			attributes = {
				LastSwiftUpdateCheck = 1030;
				LastUpgradeCheck = 1030;
				ORGANIZATIONNAME = "Bethany Belbin";
				TargetAttributes = {
					6399333622EB708600C9EE60 = {
						CreatedOnToolsVersion = 10.3;
					};
				};
			};
			buildConfigurationList = 6399333222EB708600C9EE60 /* Build configuration list for PBXProject "InAccuWeatherApp" */;
			compatibilityVersion = "Xcode 9.3";
			developmentRegion = en;
			hasScannedForEncodings = 0;
			knownRegions = (
				en,
				Base,
			);
			mainGroup = 6399332E22EB708600C9EE60;
			productRefGroup = 6399333822EB708600C9EE60 /* Products */;
			projectDirPath = "";
			projectRoot = "";
			targets = (
				6399333622EB708600C9EE60 /* InAccuWeatherApp */,
			);
		};
/* End PBXProject section */

/* Begin PBXResourcesBuildPhase section */
		6399333522EB708600C9EE60 /* Resources */ = {
			isa = PBXResourcesBuildPhase;
			buildActionMask = 2147483647;
			files = (
				6399334522EB708800C9EE60 /* LaunchScreen.storyboard in Resources */,
				6399334222EB708800C9EE60 /* Assets.xcassets in Resources */,
				6399334022EB708600C9EE60 /* Main.storyboard in Resources */,
			);
			runOnlyForDeploymentPostprocessing = 0;
		};
/* End PBXResourcesBuildPhase section */

/* Begin PBXSourcesBuildPhase section */
		6399333322EB708600C9EE60 /* Sources */ = {
			isa = PBXSourcesBuildPhase;
			buildActionMask = 2147483647;
			files = (
				6399333D22EB708600C9EE60 /* ViewController.swift in Sources */,
				6399334F22EB80FC00C9EE60 /* WeatherViewController.swift in Sources */,
				6399334D22EB784100C9EE60 /* WeatherModel.swift in Sources */,
				5A032D8D22F0C285000F5D27 /* SwiftyJSON.swift in Sources */,
				6399333B22EB708600C9EE60 /* AppDelegate.swift in Sources */,
			);
			runOnlyForDeploymentPostprocessing = 0;
		};
/* End PBXSourcesBuildPhase section */

/* Begin PBXVariantGroup section */
		6399333E22EB708600C9EE60 /* Main.storyboard */ = {
			isa = PBXVariantGroup;
			children = (
				6399333F22EB708600C9EE60 /* Base */,
			);
			name = Main.storyboard;
			sourceTree = "<group>";
		};
		6399334322EB708800C9EE60 /* LaunchScreen.storyboard */ = {
			isa = PBXVariantGroup;
			children = (
				6399334422EB708800C9EE60 /* Base */,
			);
			name = LaunchScreen.storyboard;
			sourceTree = "<group>";
		};
/* End PBXVariantGroup section */

/* Begin XCBuildConfiguration section */
		6399334722EB708800C9EE60 /* Debug */ = {
			isa = XCBuildConfiguration;
			buildSettings = {
				ALWAYS_SEARCH_USER_PATHS = NO;
				CLANG_ANALYZER_NONNULL = YES;
				CLANG_ANALYZER_NUMBER_OBJECT_CONVERSION = YES_AGGRESSIVE;
				CLANG_CXX_LANGUAGE_STANDARD = "gnu++14";
				CLANG_CXX_LIBRARY = "libc++";
				CLANG_ENABLE_MODULES = YES;
				CLANG_ENABLE_OBJC_ARC = YES;
				CLANG_ENABLE_OBJC_WEAK = YES;
				CLANG_WARN_BLOCK_CAPTURE_AUTORELEASING = YES;
				CLANG_WARN_BOOL_CONVERSION = YES;
				CLANG_WARN_COMMA = YES;
				CLANG_WARN_CONSTANT_CONVERSION = YES;
				CLANG_WARN_DEPRECATED_OBJC_IMPLEMENTATIONS = YES;
				CLANG_WARN_DIRECT_OBJC_ISA_USAGE = YES_ERROR;
				CLANG_WARN_DOCUMENTATION_COMMENTS = YES;
				CLANG_WARN_EMPTY_BODY = YES;
				CLANG_WARN_ENUM_CONVERSION = YES;
				CLANG_WARN_INFINITE_RECURSION = YES;
				CLANG_WARN_INT_CONVERSION = YES;
				CLANG_WARN_NON_LITERAL_NULL_CONVERSION = YES;
				CLANG_WARN_OBJC_IMPLICIT_RETAIN_SELF = YES;
				CLANG_WARN_OBJC_LITERAL_CONVERSION = YES;
				CLANG_WARN_OBJC_ROOT_CLASS = YES_ERROR;
				CLANG_WARN_RANGE_LOOP_ANALYSIS = YES;
				CLANG_WARN_STRICT_PROTOTYPES = YES;
				CLANG_WARN_SUSPICIOUS_MOVE = YES;
				CLANG_WARN_UNGUARDED_AVAILABILITY = YES_AGGRESSIVE;
				CLANG_WARN_UNREACHABLE_CODE = YES;
				CLANG_WARN__DUPLICATE_METHOD_MATCH = YES;
				CODE_SIGN_IDENTITY = "iPhone Developer";
				COPY_PHASE_STRIP = NO;
				DEBUG_INFORMATION_FORMAT = dwarf;
				ENABLE_STRICT_OBJC_MSGSEND = YES;
				ENABLE_TESTABILITY = YES;
				GCC_C_LANGUAGE_STANDARD = gnu11;
				GCC_DYNAMIC_NO_PIC = NO;
				GCC_NO_COMMON_BLOCKS = YES;
				GCC_OPTIMIZATION_LEVEL = 0;
				GCC_PREPROCESSOR_DEFINITIONS = (
					"DEBUG=1",
					"$(inherited)",
				);
				GCC_WARN_64_TO_32_BIT_CONVERSION = YES;
				GCC_WARN_ABOUT_RETURN_TYPE = YES_ERROR;
				GCC_WARN_UNDECLARED_SELECTOR = YES;
				GCC_WARN_UNINITIALIZED_AUTOS = YES_AGGRESSIVE;
				GCC_WARN_UNUSED_FUNCTION = YES;
				GCC_WARN_UNUSED_VARIABLE = YES;
				IPHONEOS_DEPLOYMENT_TARGET = 12.1;
				MTL_ENABLE_DEBUG_INFO = INCLUDE_SOURCE;
				MTL_FAST_MATH = YES;
				ONLY_ACTIVE_ARCH = YES;
				SDKROOT = iphoneos;
				SWIFT_ACTIVE_COMPILATION_CONDITIONS = DEBUG;
				SWIFT_OPTIMIZATION_LEVEL = "-Onone";
			};
			name = Debug;
		};
		6399334822EB708800C9EE60 /* Release */ = {
			isa = XCBuildConfiguration;
			buildSettings = {
				ALWAYS_SEARCH_USER_PATHS = NO;
				CLANG_ANALYZER_NONNULL = YES;
				CLANG_ANALYZER_NUMBER_OBJECT_CONVERSION = YES_AGGRESSIVE;
				CLANG_CXX_LANGUAGE_STANDARD = "gnu++14";
				CLANG_CXX_LIBRARY = "libc++";
				CLANG_ENABLE_MODULES = YES;
				CLANG_ENABLE_OBJC_ARC = YES;
				CLANG_ENABLE_OBJC_WEAK = YES;
				CLANG_WARN_BLOCK_CAPTURE_AUTORELEASING = YES;
				CLANG_WARN_BOOL_CONVERSION = YES;
				CLANG_WARN_COMMA = YES;
				CLANG_WARN_CONSTANT_CONVERSION = YES;
				CLANG_WARN_DEPRECATED_OBJC_IMPLEMENTATIONS = YES;
				CLANG_WARN_DIRECT_OBJC_ISA_USAGE = YES_ERROR;
				CLANG_WARN_DOCUMENTATION_COMMENTS = YES;
				CLANG_WARN_EMPTY_BODY = YES;
				CLANG_WARN_ENUM_CONVERSION = YES;
				CLANG_WARN_INFINITE_RECURSION = YES;
				CLANG_WARN_INT_CONVERSION = YES;
				CLANG_WARN_NON_LITERAL_NULL_CONVERSION = YES;
				CLANG_WARN_OBJC_IMPLICIT_RETAIN_SELF = YES;
				CLANG_WARN_OBJC_LITERAL_CONVERSION = YES;
				CLANG_WARN_OBJC_ROOT_CLASS = YES_ERROR;
				CLANG_WARN_RANGE_LOOP_ANALYSIS = YES;
				CLANG_WARN_STRICT_PROTOTYPES = YES;
				CLANG_WARN_SUSPICIOUS_MOVE = YES;
				CLANG_WARN_UNGUARDED_AVAILABILITY = YES_AGGRESSIVE;
				CLANG_WARN_UNREACHABLE_CODE = YES;
				CLANG_WARN__DUPLICATE_METHOD_MATCH = YES;
				CODE_SIGN_IDENTITY = "iPhone Developer";
				COPY_PHASE_STRIP = NO;
				DEBUG_INFORMATION_FORMAT = "dwarf-with-dsym";
				ENABLE_NS_ASSERTIONS = NO;
				ENABLE_STRICT_OBJC_MSGSEND = YES;
				GCC_C_LANGUAGE_STANDARD = gnu11;
				GCC_NO_COMMON_BLOCKS = YES;
				GCC_WARN_64_TO_32_BIT_CONVERSION = YES;
				GCC_WARN_ABOUT_RETURN_TYPE = YES_ERROR;
				GCC_WARN_UNDECLARED_SELECTOR = YES;
				GCC_WARN_UNINITIALIZED_AUTOS = YES_AGGRESSIVE;
				GCC_WARN_UNUSED_FUNCTION = YES;
				GCC_WARN_UNUSED_VARIABLE = YES;
				IPHONEOS_DEPLOYMENT_TARGET = 12.1;
				MTL_ENABLE_DEBUG_INFO = NO;
				MTL_FAST_MATH = YES;
				SDKROOT = iphoneos;
				SWIFT_COMPILATION_MODE = wholemodule;
				SWIFT_OPTIMIZATION_LEVEL = "-O";
				VALIDATE_PRODUCT = YES;
			};
			name = Release;
		};
		6399334A22EB708800C9EE60 /* Debug */ = {
			isa = XCBuildConfiguration;
			buildSettings = {
				ASSETCATALOG_COMPILER_APPICON_NAME = AppIcon;
				CODE_SIGN_STYLE = Automatic;
				INFOPLIST_FILE = InAccuWeatherApp/Info.plist;
				LD_RUNPATH_SEARCH_PATHS = (
					"$(inherited)",
					"@executable_path/Frameworks",
				);
				PRODUCT_BUNDLE_IDENTIFIER = com.bethanybelbin.InAccuWeatherApp;
				PRODUCT_NAME = "$(TARGET_NAME)";
				SWIFT_VERSION = 5.0;
				TARGETED_DEVICE_FAMILY = "1,2";
			};
			name = Debug;
		};
		6399334B22EB708800C9EE60 /* Release */ = {
			isa = XCBuildConfiguration;
			buildSettings = {
				ASSETCATALOG_COMPILER_APPICON_NAME = AppIcon;
				CODE_SIGN_STYLE = Automatic;
				INFOPLIST_FILE = InAccuWeatherApp/Info.plist;
				LD_RUNPATH_SEARCH_PATHS = (
					"$(inherited)",
					"@executable_path/Frameworks",
				);
				PRODUCT_BUNDLE_IDENTIFIER = com.bethanybelbin.InAccuWeatherApp;
				PRODUCT_NAME = "$(TARGET_NAME)";
				SWIFT_VERSION = 5.0;
				TARGETED_DEVICE_FAMILY = "1,2";
			};
			name = Release;
		};
/* End XCBuildConfiguration section */

/* Begin XCConfigurationList section */
		6399333222EB708600C9EE60 /* Build configuration list for PBXProject "InAccuWeatherApp" */ = {
			isa = XCConfigurationList;
			buildConfigurations = (
				6399334722EB708800C9EE60 /* Debug */,
				6399334822EB708800C9EE60 /* Release */,
			);
			defaultConfigurationIsVisible = 0;
			defaultConfigurationName = Release;
		};
		6399334922EB708800C9EE60 /* Build configuration list for PBXNativeTarget "InAccuWeatherApp" */ = {
			isa = XCConfigurationList;
			buildConfigurations = (
				6399334A22EB708800C9EE60 /* Debug */,
				6399334B22EB708800C9EE60 /* Release */,
			);
			defaultConfigurationIsVisible = 0;
			defaultConfigurationName = Release;
		};
/* End XCConfigurationList section */
	};
	rootObject = 6399332F22EB708600C9EE60 /* Project object */;
}
